
Microsoft Visual Studio Solution File, Format Version 12.00
# Visual Studio Version 17
VisualStudioVersion = 17.0.31903.59
MinimumVisualStudioVersion = 10.0.40219.1
Project("{9A19103F-16F7-4668-BE54-9A1E7A4F7556}") = "QuatLanguage", "QuatLanguage\QuatLanguage.csproj", "{AB07269E-2A81-4D54-B1C5-96AEDB2AFC5B}"
EndProject
Project("{9A19103F-16F7-4668-BE54-9A1E7A4F7556}") = "QuatLanguage.Interpreter", "QuatLanguage.Interpreter\QuatLanguage.Interpreter.csproj", "{AF77CD3F-4D64-4DDA-A73D-AF9A48034CD4}"
EndProject
Project("{9A19103F-16F7-4668-BE54-9A1E7A4F7556}") = "QuatLanguage.Debugger", "QuatLanguage.Debugger\QuatLanguage.Debugger.csproj", "{DDC28C8D-7538-4978-B354-5FC9C8DC18BB}"
EndProject
Project("{FAE04EC0-301F-11D3-BF4B-00C04F79EFBC}") = "QuatLanguage.Core", "QuatLanguage.Core\QuatLanguage.Core.csproj", "{FC9E27CF-7155-4A63-8AA6-E00D8CA1FFCD}"
EndProject
Global
	GlobalSection(SolutionConfigurationPlatforms) = preSolution
		Debug|Any CPU = Debug|Any CPU
		Debug|x86 = Debug|x86
		Release|Any CPU = Release|Any CPU
		Release|x86 = Release|x86
	EndGlobalSection
	GlobalSection(ProjectConfigurationPlatforms) = postSolution
		{AB07269E-2A81-4D54-B1C5-96AEDB2AFC5B}.Debug|Any CPU.ActiveCfg = Debug|Any CPU
		{AB07269E-2A81-4D54-B1C5-96AEDB2AFC5B}.Debug|Any CPU.Build.0 = Debug|Any CPU
		{AB07269E-2A81-4D54-B1C5-96AEDB2AFC5B}.Debug|x86.ActiveCfg = Debug|x86
		{AB07269E-2A81-4D54-B1C5-96AEDB2AFC5B}.Debug|x86.Build.0 = Debug|x86
		{AB07269E-2A81-4D54-B1C5-96AEDB2AFC5B}.Release|Any CPU.ActiveCfg = Release|Any CPU
		{AB07269E-2A81-4D54-B1C5-96AEDB2AFC5B}.Release|Any CPU.Build.0 = Release|Any CPU
		{AB07269E-2A81-4D54-B1C5-96AEDB2AFC5B}.Release|x86.ActiveCfg = Release|x86
		{AB07269E-2A81-4D54-B1C5-96AEDB2AFC5B}.Release|x86.Build.0 = Release|x86
		{AF77CD3F-4D64-4DDA-A73D-AF9A48034CD4}.Debug|Any CPU.ActiveCfg = Debug|Any CPU
		{AF77CD3F-4D64-4DDA-A73D-AF9A48034CD4}.Debug|Any CPU.Build.0 = Debug|Any CPU
		{AF77CD3F-4D64-4DDA-A73D-AF9A48034CD4}.Debug|x86.ActiveCfg = Debug|x86
		{AF77CD3F-4D64-4DDA-A73D-AF9A48034CD4}.Debug|x86.Build.0 = Debug|x86
		{AF77CD3F-4D64-4DDA-A73D-AF9A48034CD4}.Release|Any CPU.ActiveCfg = Release|Any CPU
		{AF77CD3F-4D64-4DDA-A73D-AF9A48034CD4}.Release|Any CPU.Build.0 = Release|Any CPU
		{AF77CD3F-4D64-4DDA-A73D-AF9A48034CD4}.Release|x86.ActiveCfg = Release|x86
		{AF77CD3F-4D64-4DDA-A73D-AF9A48034CD4}.Release|x86.Build.0 = Release|x86
		{DDC28C8D-7538-4978-B354-5FC9C8DC18BB}.Debug|Any CPU.ActiveCfg = Debug|Any CPU
		{DDC28C8D-7538-4978-B354-5FC9C8DC18BB}.Debug|Any CPU.Build.0 = Debug|Any CPU
		{DDC28C8D-7538-4978-B354-5FC9C8DC18BB}.Debug|x86.ActiveCfg = Debug|Any CPU
		{DDC28C8D-7538-4978-B354-5FC9C8DC18BB}.Debug|x86.Build.0 = Debug|Any CPU
		{DDC28C8D-7538-4978-B354-5FC9C8DC18BB}.Release|Any CPU.ActiveCfg = Release|Any CPU
		{DDC28C8D-7538-4978-B354-5FC9C8DC18BB}.Release|Any CPU.Build.0 = Release|Any CPU
		{DDC28C8D-7538-4978-B354-5FC9C8DC18BB}.Release|x86.ActiveCfg = Release|Any CPU
		{DDC28C8D-7538-4978-B354-5FC9C8DC18BB}.Release|x86.Build.0 = Release|Any CPU
		{FC9E27CF-7155-4A63-8AA6-E00D8CA1FFCD}.Debug|Any CPU.ActiveCfg = Debug|Any CPU
		{FC9E27CF-7155-4A63-8AA6-E00D8CA1FFCD}.Debug|Any CPU.Build.0 = Debug|Any CPU
		{FC9E27CF-7155-4A63-8AA6-E00D8CA1FFCD}.Debug|x86.ActiveCfg = Debug|Any CPU
		{FC9E27CF-7155-4A63-8AA6-E00D8CA1FFCD}.Debug|x86.Build.0 = Debug|Any CPU
		{FC9E27CF-7155-4A63-8AA6-E00D8CA1FFCD}.Release|Any CPU.ActiveCfg = Release|Any CPU
		{FC9E27CF-7155-4A63-8AA6-E00D8CA1FFCD}.Release|Any CPU.Build.0 = Release|Any CPU
		{FC9E27CF-7155-4A63-8AA6-E00D8CA1FFCD}.Release|x86.ActiveCfg = Release|Any CPU
		{FC9E27CF-7155-4A63-8AA6-E00D8CA1FFCD}.Release|x86.Build.0 = Release|Any CPU
	EndGlobalSection
	GlobalSection(SolutionProperties) = preSolution
		HideSolutionNode = FALSE
	EndGlobalSection
	GlobalSection(ExtensibilityGlobals) = postSolution
		SolutionGuid = {8D568825-EA82-471E-BD7C-D38F069ED9B0}
	EndGlobalSection
EndGlobal
